<?xml version="1.0" encoding="utf-8"?>
<Project ToolsVersion="4.0" xmlns="http://schemas.microsoft.com/developer/msbuild/2003">
  <ItemGroup>
    <Filter Include="Source">
      <UniqueIdentifier>{c948e6c8-1ab2-479a-ba3e-6be2ce634b26}</UniqueIdentifier>
      <Extensions>cpp;c;cxx;rc;def;r;odl;idl;hpj;bat</Extensions>
    </Filter>
    <Filter Include="Resource">
      <UniqueIdentifier>{3dc7e61f-f95e-4362-a9e6-07a1994dfce1}</UniqueIdentifier>
      <Extensions>ico;cur;bmp;dlg;rc2;rct;bin;rgs;gif;jpg;jpeg;jpe</Extensions>
    </Filter>
    <Filter Include="Interface">
      <UniqueIdentifier>{af6e4e87-6531-477b-90a7-0dc8066ea5ee}</UniqueIdentifier>
    </Filter>
    <Filter Include="Windows">
      <UniqueIdentifier>{2e31577d-c5e6-49fd-97d7-d3e36772fe94}</UniqueIdentifier>
    </Filter>
    <Filter Include="Canvas">
      <UniqueIdentifier>{287f9948-c66a-42e0-844d-b1aeb342ffea}</UniqueIdentifier>
    </Filter>
    <Filter Include="UTF8Tools">
      <UniqueIdentifier>{d365a131-1e5e-41c7-97d4-b0b6814b0689}</UniqueIdentifier>
    </Filter>
  </ItemGroup>
  <ItemGroup>
    <ClCompile Include="..\..\Source\Headers.cpp">
      <Filter>Source</Filter>
    </ClCompile>
    <ClCompile Include="..\..\Source\Coder.cpp">
      <Filter>Source</Filter>
    </ClCompile>
    <ClCompile Include="..\..\Source\Config.cpp">
      <Filter>Source</Filter>
    </ClCompile>
    <ClCompile Include="..\..\Source\FileSystem.cpp">
      <Filter>Source</Filter>
    </ClCompile>
    <ClCompile Include="..\..\Source\SearchEngine.cpp">
      <Filter>Source</Filter>
    </ClCompile>
    <ClCompile Include="..\..\Source\Tokenizer.cpp">
      <Filter>Source</Filter>
    </ClCompile>
    <ClCompile Include="..\..\Source\Canvas.cpp">
      <Filter>Canvas</Filter>
    </ClCompile>
    <ClCompile Include="..\..\Source\FixedSizeFont.cpp">
      <Filter>Canvas</Filter>
    </ClCompile>
    <ClCompile Include="..\..\Source\WinCoder.cpp">
      <Filter>Windows</Filter>
    </ClCompile>
    <ClCompile Include="..\..\Source\WinFactory.cpp">
      <Filter>Windows</Filter>
    </ClCompile>
    <ClCompile Include="..\..\Source\WinRaster.cpp">
      <Filter>Windows</Filter>
    </ClCompile>
    <ClCompile Include="..\..\Source\WinSearch.cpp">
      <Filter>Windows</Filter>
    </ClCompile>
    <ClCompile Include="..\..\Source\UTF8ToInt.cpp">
      <Filter>UTF8Tools</Filter>
    </ClCompile>
    <ClCompile Include="..\..\Source\ConvertUTF16.cpp">
      <Filter>UTF8Tools</Filter>
    </ClCompile>
    <ClCompile Include="..\..\Source\CharType.cpp">
      <Filter>UTF8Tools</Filter>
    </ClCompile>
    <ClCompile Include="..\..\Source\Document.cpp">
      <Filter>Source</Filter>
    </ClCompile>
    <ClCompile Include="..\..\Source\TextDoc.cpp">
      <Filter>Source</Filter>
    </ClCompile>
    <ClCompile Include="..\..\Source\SearchResultRenderer.cpp">
      <Filter>Source</Filter>
    </ClCompile>
  </ItemGroup>
  <ItemGroup>
    <ClInclude Include="..\..\Source\Resource.h">
      <Filter>Resource</Filter>
    </ClInclude>
    <ClInclude Include="..\..\Source\Config.h">
      <Filter>Source</Filter>
    </ClInclude>
    <ClInclude Include="..\..\Source\FileSystem.h">
      <Filter>Source</Filter>
    </ClInclude>
    <ClInclude Include="..\..\Source\Headers.h">
      <Filter>Source</Filter>
    </ClInclude>
    <ClInclude Include="..\..\Source\SearchEngine.h">
      <Filter>Source</Filter>
    </ClInclude>
    <ClInclude Include="..\..\Source\TextPos.h">
      <Filter>Source</Filter>
    </ClInclude>
    <ClInclude Include="..\..\Source\Tokenizer.h">
      <Filter>Source</Filter>
    </ClInclude>
    <ClInclude Include="..\..\Source\ToolBox.h">
      <Filter>Source</Filter>
    </ClInclude>
    <ClInclude Include="..\..\Source\BaseTypes.h">
      <Filter>Interface</Filter>
    </ClInclude>
    <ClInclude Include="..\..\Source\Canvas.h">
      <Filter>Canvas</Filter>
    </ClInclude>
    <ClInclude Include="..\..\Source\WinCoder.h">
      <Filter>Windows</Filter>
    </ClInclude>
    <ClInclude Include="..\..\Source\WinFactory.h">
      <Filter>Windows</Filter>
    </ClInclude>
    <ClInclude Include="..\..\Source\WinRaster.h">
      <Filter>Windows</Filter>
    </ClInclude>
    <ClInclude Include="..\..\Source\WinSearch.h">
      <Filter>Windows</Filter>
    </ClInclude>
    <ClInclude Include="..\..\Source\UTF8Tools.h">
      <Filter>UTF8Tools</Filter>
    </ClInclude>
    <ClInclude Include="..\..\Source\LinuxLib.h">
      <Filter>Interface</Filter>
    </ClInclude>
    <ClInclude Include="..\..\Source\Win32Lib.h">
      <Filter>Interface</Filter>
    </ClInclude>
    <ClInclude Include="..\..\Source\System.h">
      <Filter>Interface</Filter>
    </ClInclude>
    <ClInclude Include="..\..\Source\Document.h">
      <Filter>Source</Filter>
    </ClInclude>
    <ClInclude Include="..\..\Source\TextDoc.h">
      <Filter>Source</Filter>
    </ClInclude>
    <ClInclude Include="..\..\Source\FixedSizeFont.h">
      <Filter>Canvas</Filter>
    </ClInclude>
  </ItemGroup>
  <ItemGroup>
    <Manifest Include="..\..\Source\Coder.exe.manifest">
      <Filter>Resource</Filter>
    </Manifest>
  </ItemGroup>
  <ItemGroup>
    <ResourceCompile Include="..\..\Source\Coder.rc">
      <Filter>Resource</Filter>
    </ResourceCompile>
  </ItemGroup>
  <ItemGroup>
    <Image Include="..\Coder.ico">
      <Filter>Resource</Filter>
    </Image>
    <Image Include="..\Coder.png">
      <Filter>Resource</Filter>
    </Image>
  </ItemGroup>
</Project>