<?xml version="1.0" encoding="utf-8"?>
<Project ToolsVersion="4.0" xmlns="http://schemas.microsoft.com/developer/msbuild/2003">
  <ItemGroup>
    <Filter Include="Source">
      <UniqueIdentifier>{c948e6c8-1ab2-479a-ba3e-6be2ce634b26}</UniqueIdentifier>
      <Extensions>cpp;c;cxx;rc;def;r;odl;idl;hpj;bat</Extensions>
    </Filter>
    <Filter Include="Interface">
      <UniqueIdentifier>{af6e4e87-6531-477b-90a7-0dc8066ea5ee}</UniqueIdentifier>
    </Filter>
    <Filter Include="UTF8Tools">
      <UniqueIdentifier>{d365a131-1e5e-41c7-97d4-b0b6814b0689}</UniqueIdentifier>
    </Filter>
  </ItemGroup>
  <ItemGroup>
    <ClCompile Include="..\..\Source\Headers.cpp">
      <Filter>Source</Filter>
    </ClCompile>
    <ClCompile Include="..\..\Source\FileSystem.cpp">
      <Filter>Source</Filter>
    </ClCompile>
    <ClCompile Include="..\..\Source\Tokenizer.cpp">
      <Filter>Source</Filter>
    </ClCompile>
    <ClCompile Include="..\..\Source\UTF8ToInt.cpp">
      <Filter>UTF8Tools</Filter>
    </ClCompile>
    <ClCompile Include="..\..\Source\ConvertUTF16.cpp">
      <Filter>UTF8Tools</Filter>
    </ClCompile>
    <ClCompile Include="..\..\Source\CharType.cpp">
      <Filter>UTF8Tools</Filter>
    </ClCompile>
    <ClCompile Include="..\..\Source\TextDoc.cpp">
      <Filter>Source</Filter>
    </ClCompile>
    <ClCompile Include="..\..\Source\CPPKeywords.cpp">
      <Filter>Source</Filter>
    </ClCompile>
    <ClCompile Include="..\..\Source\Parser.cpp">
      <Filter>Source</Filter>
    </ClCompile>
    <ClCompile Include="..\..\Source\TokenizedFile.cpp">
      <Filter>Source</Filter>
    </ClCompile>
  </ItemGroup>
  <ItemGroup>
    <ClInclude Include="..\..\Source\FileSystem.h">
      <Filter>Source</Filter>
    </ClInclude>
    <ClInclude Include="..\..\Source\Headers.h">
      <Filter>Source</Filter>
    </ClInclude>
    <ClInclude Include="..\..\Source\TextPos.h">
      <Filter>Source</Filter>
    </ClInclude>
    <ClInclude Include="..\..\Source\Tokenizer.h">
      <Filter>Source</Filter>
    </ClInclude>
    <ClInclude Include="..\..\Source\ToolBox.h">
      <Filter>Source</Filter>
    </ClInclude>
    <ClInclude Include="..\..\Source\BaseTypes.h">
      <Filter>Interface</Filter>
    </ClInclude>
    <ClInclude Include="..\..\Source\UTF8Tools.h">
      <Filter>UTF8Tools</Filter>
    </ClInclude>
    <ClInclude Include="..\..\Source\LinuxLib.h">
      <Filter>Interface</Filter>
    </ClInclude>
    <ClInclude Include="..\..\Source\Win32Lib.h">
      <Filter>Interface</Filter>
    </ClInclude>
    <ClInclude Include="..\..\Source\System.h">
      <Filter>Interface</Filter>
    </ClInclude>
    <ClInclude Include="..\..\Source\TextDoc.h">
      <Filter>Source</Filter>
    </ClInclude>
    <ClInclude Include="..\..\Source\CPPKeywords.h">
      <Filter>Source</Filter>
    </ClInclude>
    <ClInclude Include="..\..\Source\TokenizedFile.h" />
  </ItemGroup>
</Project>